// !$*UTF8*$!
{
	archiveVersion = 1;
	classes = {
	};
	objectVersion = 34;
	objects = {
		00EF808200C49A857F000001 = {
			isa = PBXFileReference;
			path = gui_mac.rsrc;
			refType = 2;
		};
		00EF808300C49A857F000001 = {
			fileRef = 00EF808200C49A857F000001;
			isa = PBXBuildFile;
			settings = {
			};
		};
//000
//001
//002
//003
//004
//010
//011
//012
//013
//014
		014D3B8900BB52A07F000001 = {
			children = (
				273798BE00B36B037F000001,
				273798C600B36B037F000001,
				273798CA00B36B037F000001,
				273798CE00B36B037F000001,
				273798D200B36B037F000001,
				273798D400B36B037F000001,
				273798D500B36B037F000001,
				273798D600B36B037F000001,
				273798E000B36B037F000001,
				273798E100B36B037F000001,
				273798E500B36B037F000001,
				273798E800B36B037F000001,
				273798EC00B36B047F000001,
				273798F100B36B047F000001,
				273798F200B36B047F000001,
				2737992C00B36BA77F000001,
			);
			isa = PBXGroup;
			name = Headers;
			refType = 4;
		};
		014D3B8B00BB59CA7F000001 = {
			children = (
				273798E200B36B037F000001,
				273798ED00B36B047F000001,
				273798D300B36B037F000001,
			);
			isa = PBXGroup;
			name = "Unused Source";
			path = "";
			refType = 4;
		};
//010
//011
//012
//013
//014
//020
//021
//022
//023
//024
		0249A665FF388DC511CA2CEA = {
			isa = PBXApplicationReference;
			path = Vim.app;
			refType = 3;
		};
		0249A669FF388E3911CA2CEA = {
			isa = PBXFileReference;
			name = "libstdc++.a";
			path = "/usr/lib/libstdc++.a";
			refType = 0;
		};
		0249A66AFF388E3911CA2CEA = {
			fileRef = 0249A669FF388E3911CA2CEA;
			isa = PBXBuildFile;
			settings = {
			};
		};
//020
//021
//022
//023
//024
//040
//041
//042
//043
//044
		04313892FE3035C9C02AAC07 = {
			buildActionMask = 2147483647;
			files = (
				2737992900B36B047F000001,
				00EF808300C49A857F000001,
			);
			isa = PBXRezBuildPhase;
			name = "ResourceManager Resources";
		};
//040
//041
//042
//043
//044
//050
//051
//052
//053
//054
		05952DFCFFF02D1B11CA0E50 = {
			buildRules = (
			);
			buildSettings = {
				COPY_PHASE_STRIP = NO;
				OPTIMIZATION_CFLAGS = "-O0";
			};
			isa = PBXBuildStyle;
			name = Development;
		};
		05952DFDFFF02D1B11CA0E50 = {
			buildRules = (
			);
			buildSettings = {
				COPY_PHASE_STRIP = YES;
			};
			isa = PBXBuildStyle;
			name = Deployment;
		};
//050
//051
//052
//053
//054
//060
//061
//062
//063
//064
		0640BAA4FFF0323A11CA0E50 = {
			isa = PBXFrameworkReference;
			name = ApplicationServices.framework;
			path = /System/Library/Frameworks/ApplicationServices.framework;
			refType = 0;
		};
		0640BAA5FFF0323A11CA0E50 = {
			isa = PBXFrameworkReference;
			name = CoreServices.framework;
			path = /System/Library/Frameworks/CoreServices.framework;
			refType = 0;
		};
		06B64A4A00BBD0257F000001 = {
			isa = PBXFileReference;
			path = move.c;
			refType = 4;
		};
		06B64A4B00BBD0257F000001 = {
			fileRef = 06B64A4A00BBD0257F000001;
			isa = PBXBuildFile;
			settings = {
			};
		};
//060
//061
//062
//063
//064
//0C0
//0C1
//0C2
//0C3
//0C4
		0C11626000BD3A897F000001 = {
			isa = PBXFileReference;
			path = os_unix.c;
			refType = 4;
		};
//0C0
//0C1
//0C2
//0C3
//0C4
//0D0
//0D1
//0D2
//0D3
//0D4
		0D29631B00C303B07F000001 = {
			children = (
				273798CF00B36B037F000001,
				273798DF00B36B037F000001,
				0C11626000BD3A897F000001,
				F5E2C53F00FACD0901000001,
			);
			isa = PBXGroup;
			name = "Mac Port Sources";
			refType = 4;
		};
//0D0
//0D1
//0D2
//0D3
//0D4
//120
//121
//122
//123
//124
		12FD6A1900C500167F000001 = {
			isa = PBXFileReference;
			path = gui_mac.icns;
			refType = 4;
		};
		12FD6A1A00C500167F000001 = {
			fileRef = 12FD6A1900C500167F000001;
			isa = PBXBuildFile;
			settings = {
			};
		};
//120
//121
//122
//123
//124
//190
//191
//192
//193
//194
		195DF8C9FE9D4F0611CA2CBB = {
			children = (
				0249A665FF388DC511CA2CEA,
			);
			isa = PBXGroup;
			name = Products;
			refType = 4;
		};
//190
//191
//192
//193
//194
//200
//201
//202
//203
//204
		20286C28FDCF999611CA2CEA = {
			buildStyles = (
				05952DFCFFF02D1B11CA0E50,
				05952DFDFFF02D1B11CA0E50,
			);
			isa = PBXProject;
			mainGroup = 20286C29FDCF999611CA2CEA;
			projectDirPath = "";
			targets = (
				20286C34FDCF999611CA2CEA,
			);
		};
		20286C29FDCF999611CA2CEA = {
			children = (
				2737993000B36BF77F000001,
				014D3B8900BB52A07F000001,
				014D3B8B00BB59CA7F000001,
				F5D0FB2B00F8C29A01000001,
				0D29631B00C303B07F000001,
				20286C2AFDCF999611CA2CEA,
				20286C2CFDCF999611CA2CEA,
				20286C32FDCF999611CA2CEA,
				195DF8C9FE9D4F0611CA2CBB,
			);
			isa = PBXGroup;
			name = vim;
			path = "";
			refType = 4;
		};
		20286C2AFDCF999611CA2CEA = {
			children = (
				20286C2BFDCF999611CA2CEA,
				273798BF00B36B037F000001,
				273798C000B36B037F000001,
				273798C100B36B037F000001,
				273798C200B36B037F000001,
				273798C300B36B037F000001,
				273798C400B36B037F000001,
				273798C500B36B037F000001,
				273798C700B36B037F000001,
				273798C800B36B037F000001,
				7E3AAAD704841C0000EFC20E,
				273798C900B36B037F000001,
				273798CB00B36B037F000001,
				273798CC00B36B037F000001,
				273798CD00B36B037F000001,
				273798D100B36B037F000001,
				273798D700B36B037F000001,
				273798D800B36B037F000001,
				273798D900B36B037F000001,
				273798DA00B36B037F000001,
				273798DB00B36B037F000001,
				273798DC00B36B037F000001,
				273798DD00B36B037F000001,
				06B64A4A00BBD0257F000001,
				2737992A00B36BA77F000001,
				2737992B00B36BA77F000001,
				273798DE00B36B037F000001,
				273798E300B36B037F000001,
				273798E400B36B037F000001,
				273798E600B36B037F000001,
				273798E700B36B037F000001,
				273798E900B36B037F000001,
				273798EA00B36B037F000001,
				273798EB00B36B047F000001,
				273798EE00B36B047F000001,
				273798EF00B36B047F000001,
				273798F000B36B047F000001,
				273798F300B36B047F000001,
			);
			isa = PBXGroup;
			name = Sources;
			path = "";
			refType = 4;
		};
		20286C2BFDCF999611CA2CEA = {
			isa = PBXFileReference;
			path = main.c;
			refType = 4;
		};
		20286C2CFDCF999611CA2CEA = {
			children = (
				12FD6A1900C500167F000001,
				00EF808200C49A857F000001,
				273798D000B36B037F000001,
			);
			isa = PBXGroup;
			name = Resources;
			path = "";
			refType = 4;
		};
		20286C32FDCF999611CA2CEA = {
			children = (
				20286C33FDCF999611CA2CEA,
				0249A669FF388E3911CA2CEA,
				0640BAA4FFF0323A11CA0E50,
				0640BAA5FFF0323A11CA0E50,
			);
			isa = PBXGroup;
			name = "External Frameworks and Libraries";
			path = "";
			refType = 4;
		};
		20286C33FDCF999611CA2CEA = {
			isa = PBXFrameworkReference;
			name = Carbon.framework;
			path = /System/Library/Frameworks/Carbon.framework;
			refType = 0;
		};
		20286C34FDCF999611CA2CEA = {
			buildPhases = (
				20286C35FDCF999611CA2CEA,
				20286C36FDCF999611CA2CEA,
				20286C38FDCF999611CA2CEA,
				20286C3BFDCF999611CA2CEA,
				04313892FE3035C9C02AAC07,
			);
			buildSettings = {
				FRAMEWORK_SEARCH_PATHS = "";
				HEADER_SEARCH_PATHS = "proto /Developer/Headers/FlatCarbon";
				INSTALL_PATH = "$(HOME)/Applications";
				LIBRARY_SEARCH_PATHS = "";
				OTHER_CFLAGS = "-DMACOS_X_UNIX";
				OTHER_LDFLAGS = "";
				OTHER_REZFLAGS = "";
				PRODUCT_NAME = Vim;
				SECTORDER_FLAGS = "";
				WARNING_CFLAGS = "-Wmost -Wno-four-char-constants -Wno-unknown-pragmas";
				WRAPPER_EXTENSION = app;
			};
			dependencies = (
			);
			isa = PBXApplicationTarget;
			name = vim;
			productInstallPath = "$(HOME)/Applications";
			productName = vim;
			productReference = 0249A665FF388DC511CA2CEA;
			productSettingsXML = "<?xml version=\"1.0\" encoding=\"UTF-8\"?>
<!DOCTYPE plist SYSTEM \"file://localhost/System/Library/DTDs/PropertyList.dtd\">
<plist version=\"0.9\">
<dict>
	<key>CFBundleDevelopmentRegion</key>
	<string>English</string>
	<key>CFBundleDocumentTypes</key>
	<array>
	    <dict>
		<key>CFBundleTypeExtensions</key>
		<array>
		    <string>*</string>
		</array>
		<key>CFBundleTypeIconFile</key>
		<string>txt.icns</string>
		<key>CFBundleTypeName</key>
		<string>NSStringPboardType</string>
		<key>CFBundleTypeOSTypes</key>
		<array>
		    <string>****</string>
		</array>
		<key>CFBundleTypeRole</key>
		<string>Editor</string>
	    </dict>
	</array>
	<key>CFBundleExecutable</key>
	<string>Vim</string>
	<key>CFBundleGetInfoString</key>
	<string></string>
	<key>CFBundleIconFile</key>
	<string>gui_mac.icns</string>
	<key>CFBundleIdentifier</key>
	<string></string>
	<key>CFBundleInfoDictionaryVersion</key>
	<string>7.0aa</string>
	<key>CFBundleName</key>
	<string>Vim</string>
	<key>CFBundlePackageType</key>
	<string>APPL</string>
	<key>CFBundleShortVersionString</key>
	<string>Vim 7.0aa</string>
	<key>CFBundleSignature</key>
	<string>????</string>
	<key>CFBundleVersion</key>
	<string>0.1</string>
	<key>CSResourcesFileMapped</key>
	<true/>
</dict>
</plist>
";
			shouldUseHeadermap = 1;
		};
		20286C35FDCF999611CA2CEA = {
			buildActionMask = 2147483647;
			files = (
				273798F400B36B047F000001,
				273798F500B36B047F000001,
				273798F600B36B047F000001,
				273798F700B36B047F000001,
				273798F800B36B047F000001,
				273798F900B36B047F000001,
				273798FA00B36B047F000001,
				273798FB00B36B047F000001,
				273798FC00B36B047F000001,
				273798FD00B36B047F000001,
				273798FE00B36B047F000001,
				273798FF00B36B047F000001,
				2737990000B36B047F000001,
				2737990100B36B047F000001,
				2737990200B36B047F000001,
				2737992D00B36BA77F000001,
			);
			isa = PBXHeadersBuildPhase;
			name = Headers;
		};
		20286C36FDCF999611CA2CEA = {
			buildActionMask = 2147483647;
			files = (
				12FD6A1A00C500167F000001,
			);
			isa = PBXResourcesBuildPhase;
			name = "Bundle Resources";
		};
		20286C38FDCF999611CA2CEA = {
			buildActionMask = 2147483647;
			files = (
				20286C39FDCF999611CA2CEA,
				2737990300B36B047F000001,
				2737990400B36B047F000001,
				2737990500B36B047F000001,
				2737990600B36B047F000001,
				2737990700B36B047F000001,
				2737990800B36B047F000001,
				2737990900B36B047F000001,
				2737990A00B36B047F000001,
				2737990B00B36B047F000001,
				2737990C00B36B047F000001,
				2737990D00B36B047F000001,
				2737990E00B36B047F000001,
				2737990F00B36B047F000001,
				2737991000B36B047F000001,
				2737991100B36B047F000001,
				2737991300B36B047F000001,
				2737991400B36B047F000001,
				2737991500B36B047F000001,
				2737991600B36B047F000001,
				2737991700B36B047F000001,
				2737991800B36B047F000001,
				2737991900B36B047F000001,
				2737991A00B36B047F000001,
				2737991D00B36B047F000001,
				2737991E00B36B047F000001,
				2737991F00B36B047F000001,
				2737992000B36B047F000001,
				2737992100B36B047F000001,
				2737992200B36B047F000001,
				2737992300B36B047F000001,
				2737992500B36B047F000001,
				2737992600B36B047F000001,
				2737992700B36B047F000001,
				2737992800B36B047F000001,
				2737992E00B36BA77F000001,
				2737992F00B36BA77F000001,
				06B64A4B00BBD0257F000001,
				F5D0FB2D00F8C2BF01000001,
				F5E2C54000FACD0901000001,
				F5CC3220018E3F6801891561,
				7E3AAAD804841C0000EFC20E,
				7E556E1404841F7900882585,
			);
			isa = PBXSourcesBuildPhase;
			name = Sources;
		};
		20286C39FDCF999611CA2CEA = {
			fileRef = 20286C2BFDCF999611CA2CEA;
			isa = PBXBuildFile;
			settings = {
				ATTRIBUTES = (
				);
			};
		};
		20286C3BFDCF999611CA2CEA = {
			buildActionMask = 2147483647;
			files = (
				20286C3CFDCF999611CA2CEA,
				0249A66AFF388E3911CA2CEA,
			);
			isa = PBXFrameworksBuildPhase;
			name = "Frameworks & Libraries";
		};
		20286C3CFDCF999611CA2CEA = {
			fileRef = 20286C33FDCF999611CA2CEA;
			isa = PBXBuildFile;
			settings = {
			};
		};
//200
//201
//202
//203
//204
//270
//271
//272
//273
//274
		273798BE00B36B037F000001 = {
			isa = PBXFileReference;
			path = ascii.h;
			refType = 4;
		};
		273798BF00B36B037F000001 = {
			isa = PBXFileReference;
			path = buffer.c;
			refType = 4;
		};
		273798C000B36B037F000001 = {
			isa = PBXFileReference;
			path = charset.c;
			refType = 4;
		};
		273798C100B36B037F000001 = {
			isa = PBXFileReference;
			path = diff.c;
			refType = 4;
		};
		273798C200B36B037F000001 = {
			isa = PBXFileReference;
			path = digraph.c;
			refType = 4;
		};
		273798C300B36B037F000001 = {
			isa = PBXFileReference;
			path = edit.c;
			refType = 4;
		};
		273798C400B36B037F000001 = {
			isa = PBXFileReference;
			path = eval.c;
			refType = 4;
		};
		273798C500B36B037F000001 = {
			isa = PBXFileReference;
			path = ex_cmds.c;
			refType = 4;
		};
		273798C600B36B037F000001 = {
			isa = PBXFileReference;
			path = ex_cmds.h;
			refType = 4;
		};
		273798C700B36B037F000001 = {
			isa = PBXFileReference;
			path = ex_cmds2.c;
			refType = 4;
		};
		273798C800B36B037F000001 = {
			isa = PBXFileReference;
			path = ex_docmd.c;
			refType = 4;
		};
		273798C900B36B037F000001 = {
			isa = PBXFileReference;
			path = ex_getln.c;
			refType = 4;
		};
		273798CA00B36B037F000001 = {
			isa = PBXFileReference;
			path = feature.h;
			refType = 4;
		};
		273798CB00B36B037F000001 = {
			isa = PBXFileReference;
			path = fileio.c;
			refType = 4;
		};
		273798CC00B36B037F000001 = {
			isa = PBXFileReference;
			path = fold.c;
			refType = 4;
		};
		273798CD00B36B037F000001 = {
			isa = PBXFileReference;
			path = getchar.c;
			refType = 4;
		};
		273798CE00B36B037F000001 = {
			isa = PBXFileReference;
			path = globals.h;
			refType = 4;
		};
		273798CF00B36B037F000001 = {
			isa = PBXFileReference;
			path = gui_mac.c;
			refType = 4;
		};
		273798D000B36B037F000001 = {
			isa = PBXFileReference;
			path = gui_mac.r;
			refType = 4;
		};
		273798D100B36B037F000001 = {
			isa = PBXFileReference;
			path = gui.c;
			refType = 4;
		};
		273798D200B36B037F000001 = {
			isa = PBXFileReference;
			path = gui.h;
			refType = 4;
		};
		273798D300B36B037F000001 = {
			isa = PBXFileReference;
			path = integration.c;
			refType = 4;
		};
		273798D400B36B037F000001 = {
			isa = PBXFileReference;
			path = integration.h;
			refType = 4;
		};
		273798D500B36B037F000001 = {
			isa = PBXFileReference;
			path = keymap.h;
			refType = 4;
		};
		273798D600B36B037F000001 = {
			isa = PBXFileReference;
			path = macros.h;
			refType = 4;
		};
		273798D700B36B037F000001 = {
			isa = PBXFileReference;
			path = mark.c;
			refType = 4;
		};
		273798D800B36B037F000001 = {
			isa = PBXFileReference;
			path = memfile.c;
			refType = 4;
		};
		273798D900B36B037F000001 = {
			isa = PBXFileReference;
			path = memline.c;
			refType = 4;
		};
		273798DA00B36B037F000001 = {
			isa = PBXFileReference;
			path = menu.c;
			refType = 4;
		};
		273798DB00B36B037F000001 = {
			isa = PBXFileReference;
			path = message.c;
			refType = 4;
		};
		273798DC00B36B037F000001 = {
			isa = PBXFileReference;
			path = misc1.c;
			refType = 4;
		};
		273798DD00B36B037F000001 = {
			isa = PBXFileReference;
			path = misc2.c;
			refType = 4;
		};
		273798DE00B36B037F000001 = {
			isa = PBXFileReference;
			path = ops.c;
			refType = 4;
		};
		273798DF00B36B037F000001 = {
			isa = PBXFileReference;
			path = os_mac.c;
			refType = 4;
		};
		273798E000B36B037F000001 = {
			isa = PBXFileReference;
			path = os_mac.h;
			refType = 4;
		};
		273798E100B36B037F000001 = {
			isa = PBXFileReference;
			path = proto.h;
			refType = 4;
		};
		273798E200B36B037F000001 = {
			isa = PBXFileReference;
			path = pty.c;
			refType = 4;
		};
		273798E300B36B037F000001 = {
			isa = PBXFileReference;
			path = quickfix.c;
			refType = 4;
		};
		273798E400B36B037F000001 = {
			isa = PBXFileReference;
			path = regexp.c;
			refType = 4;
		};
		273798E500B36B037F000001 = {
			isa = PBXFileReference;
			path = regexp.h;
			refType = 4;
		};
		273798E600B36B037F000001 = {
			isa = PBXFileReference;
			path = screen.c;
			refType = 4;
		};
		273798E700B36B037F000001 = {
			isa = PBXFileReference;
			path = search.c;
			refType = 4;
		};
		273798E800B36B037F000001 = {
			isa = PBXFileReference;
			path = structs.h;
			refType = 4;
		};
		273798E900B36B037F000001 = {
			isa = PBXFileReference;
			path = syntax.c;
			refType = 4;
		};
		273798EA00B36B037F000001 = {
			isa = PBXFileReference;
			path = tag.c;
			refType = 4;
		};
		273798EB00B36B047F000001 = {
			isa = PBXFileReference;
			path = term.c;
			refType = 4;
		};
		273798EC00B36B047F000001 = {
			isa = PBXFileReference;
			path = term.h;
			refType = 4;
		};
		273798ED00B36B047F000001 = {
			isa = PBXFileReference;
			path = termlib.c;
			refType = 4;
		};
		273798EE00B36B047F000001 = {
			isa = PBXFileReference;
			path = ui.c;
			refType = 4;
		};
		273798EF00B36B047F000001 = {
			isa = PBXFileReference;
			path = undo.c;
			refType = 4;
		};
		273798F000B36B047F000001 = {
			isa = PBXFileReference;
			path = version.c;
			refType = 4;
		};
		273798F100B36B047F000001 = {
			isa = PBXFileReference;
			path = version.h;
			refType = 4;
		};
		273798F200B36B047F000001 = {
			isa = PBXFileReference;
			path = vim.h;
			refType = 4;
		};
		273798F300B36B047F000001 = {
			isa = PBXFileReference;
			path = window.c;
			refType = 4;
		};
		273798F400B36B047F000001 = {
			fileRef = 273798BE00B36B037F000001;
			isa = PBXBuildFile;
			settings = {
				ATTRIBUTES = (
				);
			};
		};
		273798F500B36B047F000001 = {
			fileRef = 273798C600B36B037F000001;
			isa = PBXBuildFile;
			settings = {
			};
		};
		273798F600B36B047F000001 = {
			fileRef = 273798CA00B36B037F000001;
			isa = PBXBuildFile;
			settings = {
				ATTRIBUTES = (
				);
			};
		};
		273798F700B36B047F000001 = {
			fileRef = 273798CE00B36B037F000001;
			isa = PBXBuildFile;
			settings = {
			};
		};
		273798F800B36B047F000001 = {
			fileRef = 273798D200B36B037F000001;
			isa = PBXBuildFile;
			settings = {
			};
		};
		273798F900B36B047F000001 = {
			fileRef = 273798D400B36B037F000001;
			isa = PBXBuildFile;
			settings = {
			};
		};
		273798FA00B36B047F000001 = {
			fileRef = 273798D500B36B037F000001;
			isa = PBXBuildFile;
			settings = {
			};
		};
		273798FB00B36B047F000001 = {
			fileRef = 273798D600B36B037F000001;
			isa = PBXBuildFile;
			settings = {
			};
		};
		273798FC00B36B047F000001 = {
			fileRef = 273798E000B36B037F000001;
			isa = PBXBuildFile;
			settings = {
			};
		};
		273798FD00B36B047F000001 = {
			fileRef = 273798E100B36B037F000001;
			isa = PBXBuildFile;
			settings = {
			};
		};
		273798FE00B36B047F000001 = {
			fileRef = 273798E500B36B037F000001;
			isa = PBXBuildFile;
			settings = {
			};
		};
		273798FF00B36B047F000001 = {
			fileRef = 273798E800B36B037F000001;
			isa = PBXBuildFile;
			settings = {
			};
		};
		2737990000B36B047F000001 = {
			fileRef = 273798EC00B36B047F000001;
			isa = PBXBuildFile;
			settings = {
			};
		};
		2737990100B36B047F000001 = {
			fileRef = 273798F100B36B047F000001;
			isa = PBXBuildFile;
			settings = {
			};
		};
		2737990200B36B047F000001 = {
			fileRef = 273798F200B36B047F000001;
			isa = PBXBuildFile;
			settings = {
			};
		};
		2737990300B36B047F000001 = {
			fileRef = 273798BF00B36B037F000001;
			isa = PBXBuildFile;
			settings = {
			};
		};
		2737990400B36B047F000001 = {
			fileRef = 273798C000B36B037F000001;
			isa = PBXBuildFile;
			settings = {
			};
		};
		2737990500B36B047F000001 = {
			fileRef = 273798C100B36B037F000001;
			isa = PBXBuildFile;
			settings = {
			};
		};
		2737990600B36B047F000001 = {
			fileRef = 273798C200B36B037F000001;
			isa = PBXBuildFile;
			settings = {
			};
		};
		2737990700B36B047F000001 = {
			fileRef = 273798C300B36B037F000001;
			isa = PBXBuildFile;
			settings = {
			};
		};
		2737990800B36B047F000001 = {
			fileRef = 273798C400B36B037F000001;
			isa = PBXBuildFile;
			settings = {
			};
		};
		2737990900B36B047F000001 = {
			fileRef = 273798C500B36B037F000001;
			isa = PBXBuildFile;
			settings = {
			};
		};
		2737990A00B36B047F000001 = {
			fileRef = 273798C700B36B037F000001;
			isa = PBXBuildFile;
			settings = {
			};
		};
		2737990B00B36B047F000001 = {
			fileRef = 273798C800B36B037F000001;
			isa = PBXBuildFile;
			settings = {
			};
		};
		2737990C00B36B047F000001 = {
			fileRef = 273798C900B36B037F000001;
			isa = PBXBuildFile;
			settings = {
			};
		};
		2737990D00B36B047F000001 = {
			fileRef = 273798CB00B36B037F000001;
			isa = PBXBuildFile;
			settings = {
			};
		};
		2737990E00B36B047F000001 = {
			fileRef = 273798CC00B36B037F000001;
			isa = PBXBuildFile;
			settings = {
			};
		};
		2737990F00B36B047F000001 = {
			fileRef = 273798CD00B36B037F000001;
			isa = PBXBuildFile;
			settings = {
			};
		};
		2737991000B36B047F000001 = {
			fileRef = 273798CF00B36B037F000001;
			isa = PBXBuildFile;
			settings = {
			};
		};
		2737991100B36B047F000001 = {
			fileRef = 273798D100B36B037F000001;
			isa = PBXBuildFile;
			settings = {
			};
		};
		2737991300B36B047F000001 = {
			fileRef = 273798D700B36B037F000001;
			isa = PBXBuildFile;
			settings = {
			};
		};
		2737991400B36B047F000001 = {
			fileRef = 273798D800B36B037F000001;
			isa = PBXBuildFile;
			settings = {
			};
		};
		2737991500B36B047F000001 = {
			fileRef = 273798D900B36B037F000001;
			isa = PBXBuildFile;
			settings = {
			};
		};
		2737991600B36B047F000001 = {
			fileRef = 273798DA00B36B037F000001;
			isa = PBXBuildFile;
			settings = {
			};
		};
		2737991700B36B047F000001 = {
			fileRef = 273798DB00B36B037F000001;
			isa = PBXBuildFile;
			settings = {
			};
		};
		2737991800B36B047F000001 = {
			fileRef = 273798DC00B36B037F000001;
			isa = PBXBuildFile;
			settings = {
			};
		};
		2737991900B36B047F000001 = {
			fileRef = 273798DD00B36B037F000001;
			isa = PBXBuildFile;
			settings = {
			};
		};
		2737991A00B36B047F000001 = {
			fileRef = 273798DE00B36B037F000001;
			isa = PBXBuildFile;
			settings = {
			};
		};
		2737991D00B36B047F000001 = {
			fileRef = 273798E300B36B037F000001;
			isa = PBXBuildFile;
			settings = {
			};
		};
		2737991E00B36B047F000001 = {
			fileRef = 273798E400B36B037F000001;
			isa = PBXBuildFile;
			settings = {
			};
		};
		2737991F00B36B047F000001 = {
			fileRef = 273798E600B36B037F000001;
			isa = PBXBuildFile;
			settings = {
			};
		};
		2737992000B36B047F000001 = {
			fileRef = 273798E700B36B037F000001;
			isa = PBXBuildFile;
			settings = {
			};
		};
		2737992100B36B047F000001 = {
			fileRef = 273798E900B36B037F000001;
			isa = PBXBuildFile;
			settings = {
			};
		};
		2737992200B36B047F000001 = {
			fileRef = 273798EA00B36B037F000001;
			isa = PBXBuildFile;
			settings = {
			};
		};
		2737992300B36B047F000001 = {
			fileRef = 273798EB00B36B047F000001;
			isa = PBXBuildFile;
			settings = {
			};
		};
		2737992500B36B047F000001 = {
			fileRef = 273798EE00B36B047F000001;
			isa = PBXBuildFile;
			settings = {
			};
		};
		2737992600B36B047F000001 = {
			fileRef = 273798EF00B36B047F000001;
			isa = PBXBuildFile;
			settings = {
			};
		};
		2737992700B36B047F000001 = {
			fileRef = 273798F000B36B047F000001;
			isa = PBXBuildFile;
			settings = {
			};
		};
		2737992800B36B047F000001 = {
			fileRef = 273798F300B36B047F000001;
			isa = PBXBuildFile;
			settings = {
			};
		};
		2737992900B36B047F000001 = {
			fileRef = 273798D000B36B037F000001;
			isa = PBXBuildFile;
			settings = {
			};
		};
		2737992A00B36BA77F000001 = {
			isa = PBXFileReference;
			path = normal.c;
			refType = 4;
		};
		2737992B00B36BA77F000001 = {
			isa = PBXFileReference;
			path = option.c;
			refType = 4;
		};
		2737992C00B36BA77F000001 = {
			isa = PBXFileReference;
			path = option.h;
			refType = 4;
		};
		2737992D00B36BA77F000001 = {
			fileRef = 2737992C00B36BA77F000001;
			isa = PBXBuildFile;
			settings = {
			};
		};
		2737992E00B36BA77F000001 = {
			fileRef = 2737992A00B36BA77F000001;
			isa = PBXBuildFile;
			settings = {
			};
		};
		2737992F00B36BA77F000001 = {
			fileRef = 2737992B00B36BA77F000001;
			isa = PBXBuildFile;
			settings = {
			};
		};
		2737993000B36BF77F000001 = {
			children = (
				2737993100B36C397F000001,
				2737993200B36C397F000001,
				2737993300B36C397F000001,
				2737993400B36C397F000001,
				2737993500B36C397F000001,
				2737993600B36C397F000001,
				2737993700B36C397F000001,
				2737993800B36C397F000001,
				2737993900B36C397F000001,
				2737993A00B36C397F000001,
				2737993B00B36C397F000001,
				2737993C00B36C397F000001,
				2737993D00B36C397F000001,
				2737993E00B36C397F000001,
				2737993F00B36C397F000001,
				2737994000B36C397F000001,
				2737994100B36C397F000001,
				2737994200B36C397F000001,
				2737994300B36C397F000001,
				2737994400B36C397F000001,
				2737994500B36C397F000001,
				2737994600B36C397F000001,
				2737994700B36C397F000001,
				2737994800B36C397F000001,
				2737994900B36C397F000001,
				2737994A00B36C397F000001,
				2737994B00B36C397F000001,
				2737994C00B36C397F000001,
				2737994D00B36C397F000001,
				2737994E00B36C397F000001,
				2737994F00B36C397F000001,
				2737995000B36C397F000001,
				2737995100B36C397F000001,
				2737995200B36C397F000001,
				2737995300B36C397F000001,
				2737995400B36C397F000001,
				2737995500B36C397F000001,
				2737995600B36C397F000001,
				2737995700B36C397F000001,
				2737995800B36C397F000001,
				2737995900B36C397F000001,
			);
			isa = PBXGroup;
			name = Prototype;
			path = proto;
			refType = 4;
		};
		2737993100B36C397F000001 = {
			isa = PBXFileReference;
			name = buffer.pro;
			path = proto/buffer.pro;
			refType = 4;
		};
		2737993200B36C397F000001 = {
			isa = PBXFileReference;
			name = charset.pro;
			path = proto/charset.pro;
			refType = 4;
		};
		2737993300B36C397F000001 = {
			isa = PBXFileReference;
			name = diff.pro;
			path = proto/diff.pro;
			refType = 4;
		};
		2737993400B36C397F000001 = {
			isa = PBXFileReference;
			name = digraph.pro;
			path = proto/digraph.pro;
			refType = 4;
		};
		2737993500B36C397F000001 = {
			isa = PBXFileReference;
			name = edit.pro;
			path = proto/edit.pro;
			refType = 4;
		};
		2737993600B36C397F000001 = {
			isa = PBXFileReference;
			name = eval.pro;
			path = proto/eval.pro;
			refType = 4;
		};
		2737993700B36C397F000001 = {
			isa = PBXFileReference;
			name = ex_cmds.pro;
			path = proto/ex_cmds.pro;
			refType = 4;
		};
		2737993800B36C397F000001 = {
			isa = PBXFileReference;
			name = ex_cmds2.pro;
			path = proto/ex_cmds2.pro;
			refType = 4;
		};
		2737993900B36C397F000001 = {
			isa = PBXFileReference;
			name = ex_docmd.pro;
			path = proto/ex_docmd.pro;
			refType = 4;
		};
		2737993A00B36C397F000001 = {
			isa = PBXFileReference;
			name = ex_getln.pro;
			path = proto/ex_getln.pro;
			refType = 4;
		};
		2737993B00B36C397F000001 = {
			isa = PBXFileReference;
			name = fileio.pro;
			path = proto/fileio.pro;
			refType = 4;
		};
		2737993C00B36C397F000001 = {
			isa = PBXFileReference;
			name = fold.pro;
			path = proto/fold.pro;
			refType = 4;
		};
		2737993D00B36C397F000001 = {
			isa = PBXFileReference;
			name = getchar.pro;
			path = proto/getchar.pro;
			refType = 4;
		};
		2737993E00B36C397F000001 = {
			isa = PBXFileReference;
			name = gui_mac.pro;
			path = proto/gui_mac.pro;
			refType = 4;
		};
		2737993F00B36C397F000001 = {
			isa = PBXFileReference;
			name = gui.pro;
			path = proto/gui.pro;
			refType = 4;
		};
		2737994000B36C397F000001 = {
			isa = PBXFileReference;
			name = main.pro;
			path = proto/main.pro;
			refType = 4;
		};
		2737994100B36C397F000001 = {
			isa = PBXFileReference;
			name = mark.pro;
			path = proto/mark.pro;
			refType = 4;
		};
		2737994200B36C397F000001 = {
			isa = PBXFileReference;
			name = memfile.pro;
			path = proto/memfile.pro;
			refType = 4;
		};
		2737994300B36C397F000001 = {
			isa = PBXFileReference;
			name = memline.pro;
			path = proto/memline.pro;
			refType = 4;
		};
		2737994400B36C397F000001 = {
			isa = PBXFileReference;
			name = menu.pro;
			path = proto/menu.pro;
			refType = 4;
		};
		2737994500B36C397F000001 = {
			isa = PBXFileReference;
			name = message.pro;
			path = proto/message.pro;
			refType = 4;
		};
		2737994600B36C397F000001 = {
			isa = PBXFileReference;
			name = misc1.pro;
			path = proto/misc1.pro;
			refType = 4;
		};
		2737994700B36C397F000001 = {
			isa = PBXFileReference;
			name = misc2.pro;
			path = proto/misc2.pro;
			refType = 4;
		};
		2737994800B36C397F000001 = {
			isa = PBXFileReference;
			name = move.pro;
			path = proto/move.pro;
			refType = 4;
		};
		2737994900B36C397F000001 = {
			isa = PBXFileReference;
			name = normal.pro;
			path = proto/normal.pro;
			refType = 4;
		};
		2737994A00B36C397F000001 = {
			isa = PBXFileReference;
			name = ops.pro;
			path = proto/ops.pro;
			refType = 4;
		};
		2737994B00B36C397F000001 = {
			isa = PBXFileReference;
			name = option.pro;
			path = proto/option.pro;
			refType = 4;
		};
		2737994C00B36C397F000001 = {
			isa = PBXFileReference;
			name = os_mac.pro;
			path = proto/os_mac.pro;
			refType = 4;
		};
		2737994D00B36C397F000001 = {
			isa = PBXFileReference;
			name = pty.pro;
			path = proto/pty.pro;
			refType = 4;
		};
		2737994E00B36C397F000001 = {
			isa = PBXFileReference;
			name = quickfix.pro;
			path = proto/quickfix.pro;
			refType = 4;
		};
		2737994F00B36C397F000001 = {
			isa = PBXFileReference;
			name = regexp.pro;
			path = proto/regexp.pro;
			refType = 4;
		};
		2737995000B36C397F000001 = {
			isa = PBXFileReference;
			name = screen.pro;
			path = proto/screen.pro;
			refType = 4;
		};
		2737995100B36C397F000001 = {
			isa = PBXFileReference;
			name = search.pro;
			path = proto/search.pro;
			refType = 4;
		};
		2737995200B36C397F000001 = {
			isa = PBXFileReference;
			name = syntax.pro;
			path = proto/syntax.pro;
			refType = 4;
		};
		2737995300B36C397F000001 = {
			isa = PBXFileReference;
			name = tag.pro;
			path = proto/tag.pro;
			refType = 4;
		};
		2737995400B36C397F000001 = {
			isa = PBXFileReference;
			name = term.pro;
			path = proto/term.pro;
			refType = 4;
		};
		2737995500B36C397F000001 = {
			isa = PBXFileReference;
			name = termlib.pro;
			path = proto/termlib.pro;
			refType = 4;
		};
		2737995600B36C397F000001 = {
			isa = PBXFileReference;
			name = ui.pro;
			path = proto/ui.pro;
			refType = 4;
		};
		2737995700B36C397F000001 = {
			isa = PBXFileReference;
			name = undo.pro;
			path = proto/undo.pro;
			refType = 4;
		};
		2737995800B36C397F000001 = {
			isa = PBXFileReference;
			name = version.pro;
			path = proto/version.pro;
			refType = 4;
		};
		2737995900B36C397F000001 = {
			isa = PBXFileReference;
			name = window.pro;
			path = proto/window.pro;
			refType = 4;
		};
//270
//271
//272
//273
//274
//7E0
//7E1
//7E2
//7E3
//7E4
		7E3AAAD704841C0000EFC20E = {
			isa = PBXFileReference;
			path = ex_eval.c;
			refType = 4;
		};
		7E3AAAD804841C0000EFC20E = {
			fileRef = 7E3AAAD704841C0000EFC20E;
			isa = PBXBuildFile;
			settings = {
			};
		};
		7E556E1404841F7900882585 = {
			fileRef = 273798ED00B36B047F000001;
			isa = PBXBuildFile;
			settings = {
			};
		};
//7E0
//7E1
//7E2
//7E3
//7E4
//F50
//F51
//F52
//F53
//F54
		F5CC3220018E3F6801891561 = {
			fileRef = 273798E200B36B037F000001;
			isa = PBXBuildFile;
			settings = {
			};
		};
		F5D0FB2B00F8C29A01000001 = {
			children = (
				F5D0FB2C00F8C2BF01000001,
			);
			isa = PBXGroup;
			name = "Optional Source";
			path = "";
			refType = 4;
		};
		F5D0FB2C00F8C2BF01000001 = {
			isa = PBXFileReference;
			path = mbyte.c;
			refType = 4;
		};
		F5D0FB2D00F8C2BF01000001 = {
			fileRef = F5D0FB2C00F8C2BF01000001;
			isa = PBXBuildFile;
			settings = {
			};
		};
		F5E2C53F00FACD0901000001 = {
			isa = PBXFileReference;
			path = os_macosx.c;
			refType = 4;
		};
		F5E2C54000FACD0901000001 = {
			fileRef = F5E2C53F00FACD0901000001;
			isa = PBXBuildFile;
			settings = {
			};
		};
	};
	rootObject = 20286C28FDCF999611CA2CEA;
}
